version = 1
revision = 2
requires-python = ">=3.13"

[[package]]
name = "astroid"
version = "3.3.11"
source = { registry = "https://pypi.org/simple" }
sdist = { url = "https://files.pythonhosted.org/packages/18/74/dfb75f9ccd592bbedb175d4a32fc643cf569d7c218508bfbd6ea7ef9c091/astroid-3.3.11.tar.gz", hash = "sha256:1e5a5011af2920c7c67a53f65d536d65bfa7116feeaf2354d8b94f29573bb0ce", size = 400439, upload-time = "2025-07-13T18:04:23.177Z" }
wheels = [
    { url = "https://files.pythonhosted.org/packages/af/0f/3b8fdc946b4d9cc8cc1e8af42c4e409468c84441b933d037e101b3d72d86/astroid-3.3.11-py3-none-any.whl", hash = "sha256:54c760ae8322ece1abd213057c4b5bba7c49818853fc901ef09719a60dbf9dec", size = 275612, upload-time = "2025-07-13T18:04:21.07Z" },
]

[[package]]
name = "colorama"
version = "0.4.6"
source = { registry = "https://pypi.org/simple" }
sdist = { url = "https://files.pythonhosted.org/packages/d8/53/6f443c9a4a8358a93a6792e2acffb9d9d5cb0a5cfd8802644b7b1c9a02e4/colorama-0.4.6.tar.gz", hash = "sha256:08695f5cb7ed6e0531a20572697297273c47b8cae5a63ffc6d6ed5c201be6e44", size = 27697, upload-time = "2022-10-25T02:36:22.414Z" }
wheels = [
    { url = "https://files.pythonhosted.org/packages/d1/d6/3965ed04c63042e047cb6a3e6ed1a63a35087b6a609aa3a15ed8ac56c221/colorama-0.4.6-py2.py3-none-any.whl", hash = "sha256:4f1d9991f5acc0ca119f9d443620b77f9d6b33703e51011c16baf57afb285fc6", size = 25335, upload-time = "2022-10-25T02:36:20.889Z" },
]

[[package]]
name = "dill"
version = "0.4.0"
source = { registry = "https://pypi.org/simple" }
sdist = { url = "https://files.pythonhosted.org/packages/12/80/630b4b88364e9a8c8c5797f4602d0f76ef820909ee32f0bacb9f90654042/dill-0.4.0.tar.gz", hash = "sha256:0633f1d2df477324f53a895b02c901fb961bdbf65a17122586ea7019292cbcf0", size = 186976, upload-time = "2025-04-16T00:41:48.867Z" }
wheels = [
    { url = "https://files.pythonhosted.org/packages/50/3d/9373ad9c56321fdab5b41197068e1d8c25883b3fea29dd361f9b55116869/dill-0.4.0-py3-none-any.whl", hash = "sha256:44f54bf6412c2c8464c14e8243eb163690a9800dbe2c367330883b19c7561049", size = 119668, upload-time = "2025-04-16T00:41:47.671Z" },
]

[[package]]
name = "duckdb"
version = "1.3.2"
source = { registry = "https://pypi.org/simple" }
sdist = { url = "https://files.pythonhosted.org/packages/47/24/a2e7fb78fba577641c286fe33185789ab1e1569ccdf4d142e005995991d2/duckdb-1.3.2.tar.gz", hash = "sha256:c658df8a1bc78704f702ad0d954d82a1edd4518d7a04f00027ec53e40f591ff5", size = 11627775, upload-time = "2025-07-08T10:41:14.444Z" }
wheels = [
    { url = "https://files.pythonhosted.org/packages/f5/f0/8cac9713735864899e8abc4065bbdb3d1617f2130006d508a80e1b1a6c53/duckdb-1.3.2-cp313-cp313-macosx_12_0_arm64.whl", hash = "sha256:a3418c973b06ac4e97f178f803e032c30c9a9f56a3e3b43a866f33223dfbf60b", size = 15535350, upload-time = "2025-07-08T10:40:45.562Z" },
    { url = "https://files.pythonhosted.org/packages/c5/26/6698bbb30b7bce8b8b17697599f1517611c61e4bd68b37eaeaf4f5ddd915/duckdb-1.3.2-cp313-cp313-macosx_12_0_universal2.whl", hash = "sha256:2a741eae2cf110fd2223eeebe4151e22c0c02803e1cfac6880dbe8a39fecab6a", size = 32534715, upload-time = "2025-07-08T10:40:47.615Z" },
    { url = "https://files.pythonhosted.org/packages/10/75/8ab4da3099a2fac7335ecebce4246706d19bdd5dad167aa436b5b27c43c4/duckdb-1.3.2-cp313-cp313-macosx_12_0_x86_64.whl", hash = "sha256:51e62541341ea1a9e31f0f1ade2496a39b742caf513bebd52396f42ddd6525a0", size = 17110300, upload-time = "2025-07-08T10:40:49.674Z" },
    { url = "https://files.pythonhosted.org/packages/d1/46/af81b10d4a66a0f27c248df296d1b41ff2a305a235ed8488f93240f6f8b5/duckdb-1.3.2-cp313-cp313-manylinux_2_27_aarch64.manylinux_2_28_aarch64.whl", hash = "sha256:b3e519de5640e5671f1731b3ae6b496e0ed7e4de4a1c25c7a2f34c991ab64d71", size = 19180082, upload-time = "2025-07-08T10:40:51.679Z" },
    { url = "https://files.pythonhosted.org/packages/68/fc/259a54fc22111a847981927aa58528d766e8b228c6d41deb0ad8a1959f9f/duckdb-1.3.2-cp313-cp313-manylinux_2_27_x86_64.manylinux_2_28_x86_64.whl", hash = "sha256:4732fb8cc60566b60e7e53b8c19972cb5ed12d285147a3063b16cc64a79f6d9f", size = 21128404, upload-time = "2025-07-08T10:40:53.772Z" },
    { url = "https://files.pythonhosted.org/packages/ab/dc/5d5140383e40661173dacdceaddee2a97c3f6721a5e8d76e08258110595e/duckdb-1.3.2-cp313-cp313-musllinux_1_2_x86_64.whl", hash = "sha256:97f7a22dcaa1cca889d12c3dc43a999468375cdb6f6fe56edf840e062d4a8293", size = 22779786, upload-time = "2025-07-08T10:40:55.826Z" },
    { url = "https://files.pythonhosted.org/packages/51/c9/2fcd86ab7530a5b6caff42dbe516ce7a86277e12c499d1c1f5acd266ffb2/duckdb-1.3.2-cp313-cp313-win_amd64.whl", hash = "sha256:cd3d717bf9c49ef4b1016c2216517572258fa645c2923e91c5234053defa3fb5", size = 11395370, upload-time = "2025-07-08T10:40:57.655Z" },
]

[[package]]
name = "isort"
version = "6.0.1"
source = { registry = "https://pypi.org/simple" }
sdist = { url = "https://files.pythonhosted.org/packages/b8/21/1e2a441f74a653a144224d7d21afe8f4169e6c7c20bb13aec3a2dc3815e0/isort-6.0.1.tar.gz", hash = "sha256:1cb5df28dfbc742e490c5e41bad6da41b805b0a8be7bc93cd0fb2a8a890ac450", size = 821955, upload-time = "2025-02-26T21:13:16.955Z" }
wheels = [
    { url = "https://files.pythonhosted.org/packages/c1/11/114d0a5f4dabbdcedc1125dee0888514c3c3b16d3e9facad87ed96fad97c/isort-6.0.1-py3-none-any.whl", hash = "sha256:2dc5d7f65c9678d94c88dfc29161a320eec67328bc97aad576874cb4be1e9615", size = 94186, upload-time = "2025-02-26T21:13:14.911Z" },
]

[[package]]
name = "mccabe"
version = "0.7.0"
source = { registry = "https://pypi.org/simple" }
sdist = { url = "https://files.pythonhosted.org/packages/e7/ff/0ffefdcac38932a54d2b5eed4e0ba8a408f215002cd178ad1df0f2806ff8/mccabe-0.7.0.tar.gz", hash = "sha256:348e0240c33b60bbdf4e523192ef919f28cb2c3d7d5c7794f74009290f236325", size = 9658, upload-time = "2022-01-24T01:14:51.113Z" }
wheels = [
    { url = "https://files.pythonhosted.org/packages/27/1a/1f68f9ba0c207934b35b86a8ca3aad8395a3d6dd7921c0686e23853ff5a9/mccabe-0.7.0-py2.py3-none-any.whl", hash = "sha256:6c2d30ab6be0e4a46919781807b4f0d834ebdd6c6e3dca0bda5a15f863427b6e", size = 7350, upload-time = "2022-01-24T01:14:49.62Z" },
]

[[package]]
name = "platformdirs"
version = "4.3.8"
source = { registry = "https://pypi.org/simple" }
sdist = { url = "https://files.pythonhosted.org/packages/fe/8b/3c73abc9c759ecd3f1f7ceff6685840859e8070c4d947c93fae71f6a0bf2/platformdirs-4.3.8.tar.gz", hash = "sha256:3d512d96e16bcb959a814c9f348431070822a6496326a4be0911c40b5a74c2bc", size = 21362, upload-time = "2025-05-07T22:47:42.121Z" }
wheels = [
    { url = "https://files.pythonhosted.org/packages/fe/39/979e8e21520d4e47a0bbe349e2713c0aac6f3d853d0e5b34d76206c439aa/platformdirs-4.3.8-py3-none-any.whl", hash = "sha256:ff7059bb7eb1179e2685604f4aaf157cfd9535242bd23742eadc3c13542139b4", size = 18567, upload-time = "2025-05-07T22:47:40.376Z" },
]

[[package]]
name = "py-duck"
version = "0.1.0"
source = { virtual = "." }
dependencies = [
    { name = "duckdb" },
    { name = "pylint" },
    { name = "ruff" },
]

[package.metadata]
requires-dist = [
    { name = "duckdb", specifier = ">=1.3.2" },
    { name = "pylint", specifier = ">=3.3.7" },
    { name = "ruff", specifier = ">=0.12.3" },
]

[[package]]
name = "pylint"
version = "3.3.7"
source = { registry = "https://pypi.org/simple" }
dependencies = [
    { name = "astroid" },
    { name = "colorama", marker = "sys_platform == 'win32'" },
    { name = "dill" },
    { name = "isort" },
    { name = "mccabe" },
    { name = "platformdirs" },
    { name = "tomlkit" },
]
sdist = { url = "https://files.pythonhosted.org/packages/1c/e4/83e487d3ddd64ab27749b66137b26dc0c5b5c161be680e6beffdc99070b3/pylint-3.3.7.tar.gz", hash = "sha256:2b11de8bde49f9c5059452e0c310c079c746a0a8eeaa789e5aa966ecc23e4559", size = 1520709, upload-time = "2025-05-04T17:07:51.089Z" }
wheels = [
    { url = "https://files.pythonhosted.org/packages/e8/83/bff755d09e31b5d25cc7fdc4bf3915d1a404e181f1abf0359af376845c24/pylint-3.3.7-py3-none-any.whl", hash = "sha256:43860aafefce92fca4cf6b61fe199cdc5ae54ea28f9bf4cd49de267b5195803d", size = 522565, upload-time = "2025-05-04T17:07:48.714Z" },
]

[[package]]
name = "ruff"
version = "0.12.3"
source = { registry = "https://pypi.org/simple" }
sdist = { url = "https://files.pythonhosted.org/packages/c3/2a/43955b530c49684d3c38fcda18c43caf91e99204c2a065552528e0552d4f/ruff-0.12.3.tar.gz", hash = "sha256:f1b5a4b6668fd7b7ea3697d8d98857390b40c1320a63a178eee6be0899ea2d77", size = 4459341, upload-time = "2025-07-11T13:21:16.086Z" }
wheels = [
    { url = "https://files.pythonhosted.org/packages/e2/fd/b44c5115539de0d598d75232a1cc7201430b6891808df111b8b0506aae43/ruff-0.12.3-py3-none-linux_armv6l.whl", hash = "sha256:47552138f7206454eaf0c4fe827e546e9ddac62c2a3d2585ca54d29a890137a2", size = 10430499, upload-time = "2025-07-11T13:20:26.321Z" },
    { url = "https://files.pythonhosted.org/packages/43/c5/9eba4f337970d7f639a37077be067e4ec80a2ad359e4cc6c5b56805cbc66/ruff-0.12.3-py3-none-macosx_10_12_x86_64.whl", hash = "sha256:0a9153b000c6fe169bb307f5bd1b691221c4286c133407b8827c406a55282041", size = 11213413, upload-time = "2025-07-11T13:20:30.017Z" },
    { url = "https://files.pythonhosted.org/packages/e2/2c/fac3016236cf1fe0bdc8e5de4f24c76ce53c6dd9b5f350d902549b7719b2/ruff-0.12.3-py3-none-macosx_11_0_arm64.whl", hash = "sha256:fa6b24600cf3b750e48ddb6057e901dd5b9aa426e316addb2a1af185a7509882", size = 10586941, upload-time = "2025-07-11T13:20:33.046Z" },
    { url = "https://files.pythonhosted.org/packages/c5/0f/41fec224e9dfa49a139f0b402ad6f5d53696ba1800e0f77b279d55210ca9/ruff-0.12.3-py3-none-manylinux_2_17_aarch64.manylinux2014_aarch64.whl", hash = "sha256:e2506961bf6ead54887ba3562604d69cb430f59b42133d36976421bc8bd45901", size = 10783001, upload-time = "2025-07-11T13:20:35.534Z" },
    { url = "https://files.pythonhosted.org/packages/0d/ca/dd64a9ce56d9ed6cad109606ac014860b1c217c883e93bf61536400ba107/ruff-0.12.3-py3-none-manylinux_2_17_armv7l.manylinux2014_armv7l.whl", hash = "sha256:c4faaff1f90cea9d3033cbbcdf1acf5d7fb11d8180758feb31337391691f3df0", size = 10269641, upload-time = "2025-07-11T13:20:38.459Z" },
    { url = "https://files.pythonhosted.org/packages/63/5c/2be545034c6bd5ce5bb740ced3e7014d7916f4c445974be11d2a406d5088/ruff-0.12.3-py3-none-manylinux_2_17_i686.manylinux2014_i686.whl", hash = "sha256:40dced4a79d7c264389de1c59467d5d5cefd79e7e06d1dfa2c75497b5269a5a6", size = 11875059, upload-time = "2025-07-11T13:20:41.517Z" },
    { url = "https://files.pythonhosted.org/packages/8e/d4/a74ef1e801ceb5855e9527dae105eaff136afcb9cc4d2056d44feb0e4792/ruff-0.12.3-py3-none-manylinux_2_17_ppc64.manylinux2014_ppc64.whl", hash = "sha256:0262d50ba2767ed0fe212aa7e62112a1dcbfd46b858c5bf7bbd11f326998bafc", size = 12658890, upload-time = "2025-07-11T13:20:44.442Z" },
    { url = "https://files.pythonhosted.org/packages/13/c8/1057916416de02e6d7c9bcd550868a49b72df94e3cca0aeb77457dcd9644/ruff-0.12.3-py3-none-manylinux_2_17_ppc64le.manylinux2014_ppc64le.whl", hash = "sha256:12371aec33e1a3758597c5c631bae9a5286f3c963bdfb4d17acdd2d395406687", size = 12232008, upload-time = "2025-07-11T13:20:47.374Z" },
    { url = "https://files.pythonhosted.org/packages/f5/59/4f7c130cc25220392051fadfe15f63ed70001487eca21d1796db46cbcc04/ruff-0.12.3-py3-none-manylinux_2_17_s390x.manylinux2014_s390x.whl", hash = "sha256:560f13b6baa49785665276c963edc363f8ad4b4fc910a883e2625bdb14a83a9e", size = 11499096, upload-time = "2025-07-11T13:20:50.348Z" },
    { url = "https://files.pythonhosted.org/packages/d4/01/a0ad24a5d2ed6be03a312e30d32d4e3904bfdbc1cdbe63c47be9d0e82c79/ruff-0.12.3-py3-none-manylinux_2_17_x86_64.manylinux2014_x86_64.whl", hash = "sha256:023040a3499f6f974ae9091bcdd0385dd9e9eb4942f231c23c57708147b06311", size = 11688307, upload-time = "2025-07-11T13:20:52.945Z" },
    { url = "https://files.pythonhosted.org/packages/93/72/08f9e826085b1f57c9a0226e48acb27643ff19b61516a34c6cab9d6ff3fa/ruff-0.12.3-py3-none-musllinux_1_2_aarch64.whl", hash = "sha256:883d844967bffff5ab28bba1a4d246c1a1b2933f48cb9840f3fdc5111c603b07", size = 10661020, upload-time = "2025-07-11T13:20:55.799Z" },
    { url = "https://files.pythonhosted.org/packages/80/a0/68da1250d12893466c78e54b4a0ff381370a33d848804bb51279367fc688/ruff-0.12.3-py3-none-musllinux_1_2_armv7l.whl", hash = "sha256:2120d3aa855ff385e0e562fdee14d564c9675edbe41625c87eeab744a7830d12", size = 10246300, upload-time = "2025-07-11T13:20:58.222Z" },
    { url = "https://files.pythonhosted.org/packages/6a/22/5f0093d556403e04b6fd0984fc0fb32fbb6f6ce116828fd54306a946f444/ruff-0.12.3-py3-none-musllinux_1_2_i686.whl", hash = "sha256:6b16647cbb470eaf4750d27dddc6ebf7758b918887b56d39e9c22cce2049082b", size = 11263119, upload-time = "2025-07-11T13:21:01.503Z" },
    { url = "https://files.pythonhosted.org/packages/92/c9/f4c0b69bdaffb9968ba40dd5fa7df354ae0c73d01f988601d8fac0c639b1/ruff-0.12.3-py3-none-musllinux_1_2_x86_64.whl", hash = "sha256:e1417051edb436230023575b149e8ff843a324557fe0a265863b7602df86722f", size = 11746990, upload-time = "2025-07-11T13:21:04.524Z" },
    { url = "https://files.pythonhosted.org/packages/fe/84/7cc7bd73924ee6be4724be0db5414a4a2ed82d06b30827342315a1be9e9c/ruff-0.12.3-py3-none-win32.whl", hash = "sha256:dfd45e6e926deb6409d0616078a666ebce93e55e07f0fb0228d4b2608b2c248d", size = 10589263, upload-time = "2025-07-11T13:21:07.148Z" },
    { url = "https://files.pythonhosted.org/packages/07/87/c070f5f027bd81f3efee7d14cb4d84067ecf67a3a8efb43aadfc72aa79a6/ruff-0.12.3-py3-none-win_amd64.whl", hash = "sha256:a946cf1e7ba3209bdef039eb97647f1c77f6f540e5845ec9c114d3af8df873e7", size = 11695072, upload-time = "2025-07-11T13:21:11.004Z" },
    { url = "https://files.pythonhosted.org/packages/e0/30/f3eaf6563c637b6e66238ed6535f6775480db973c836336e4122161986fc/ruff-0.12.3-py3-none-win_arm64.whl", hash = "sha256:5f9c7c9c8f84c2d7f27e93674d27136fbf489720251544c4da7fb3d742e011b1", size = 10805855, upload-time = "2025-07-11T13:21:13.547Z" },
]

[[package]]
name = "tomlkit"
version = "0.13.3"
source = { registry = "https://pypi.org/simple" }
sdist = { url = "https://files.pythonhosted.org/packages/cc/18/0bbf3884e9eaa38819ebe46a7bd25dcd56b67434402b66a58c4b8e552575/tomlkit-0.13.3.tar.gz", hash = "sha256:430cf247ee57df2b94ee3fbe588e71d362a941ebb545dec29b53961d61add2a1", size = 185207, upload-time = "2025-06-05T07:13:44.947Z" }
wheels = [
    { url = "https://files.pythonhosted.org/packages/bd/75/8539d011f6be8e29f339c42e633aae3cb73bffa95dd0f9adec09b9c58e85/tomlkit-0.13.3-py3-none-any.whl", hash = "sha256:c89c649d79ee40629a9fda55f8ace8c6a1b42deb912b2a8fd8d942ddadb606b0", size = 38901, upload-time = "2025-06-05T07:13:43.546Z" },
]
