version = 1
revision = 3
requires-python = ">=3.13"

[[package]]
name = "astroid"
version = "4.0.4"
source = { registry = "https://pypi.org/simple" }
sdist = { url = "https://files.pythonhosted.org/packages/07/63/0adf26577da5eff6eb7a177876c1cfa213856be9926a000f65c4add9692b/astroid-4.0.4.tar.gz", hash = "sha256:986fed8bcf79fb82c78b18a53352a0b287a73817d6dbcfba3162da36667c49a0", size = 406358, upload-time = "2026-02-07T23:35:07.509Z" }
wheels = [
    { url = "https://files.pythonhosted.org/packages/b0/cf/1c5f42b110e57bc5502eb80dbc3b03d256926062519224835ef08134f1f9/astroid-4.0.4-py3-none-any.whl", hash = "sha256:52f39653876c7dec3e3afd4c2696920e05c83832b9737afc21928f2d2eb7a753", size = 276445, upload-time = "2026-02-07T23:35:05.344Z" },
]

[[package]]
name = "colorama"
version = "0.4.6"
source = { registry = "https://pypi.org/simple" }
sdist = { url = "https://files.pythonhosted.org/packages/d8/53/6f443c9a4a8358a93a6792e2acffb9d9d5cb0a5cfd8802644b7b1c9a02e4/colorama-0.4.6.tar.gz", hash = "sha256:08695f5cb7ed6e0531a20572697297273c47b8cae5a63ffc6d6ed5c201be6e44", size = 27697, upload-time = "2022-10-25T02:36:22.414Z" }
wheels = [
    { url = "https://files.pythonhosted.org/packages/d1/d6/3965ed04c63042e047cb6a3e6ed1a63a35087b6a609aa3a15ed8ac56c221/colorama-0.4.6-py2.py3-none-any.whl", hash = "sha256:4f1d9991f5acc0ca119f9d443620b77f9d6b33703e51011c16baf57afb285fc6", size = 25335, upload-time = "2022-10-25T02:36:20.889Z" },
]

[[package]]
name = "dill"
version = "0.4.1"
source = { registry = "https://pypi.org/simple" }
sdist = { url = "https://files.pythonhosted.org/packages/81/e1/56027a71e31b02ddc53c7d65b01e68edf64dea2932122fe7746a516f75d5/dill-0.4.1.tar.gz", hash = "sha256:423092df4182177d4d8ba8290c8a5b640c66ab35ec7da59ccfa00f6fa3eea5fa", size = 187315, upload-time = "2026-01-19T02:36:56.85Z" }
wheels = [
    { url = "https://files.pythonhosted.org/packages/1e/77/dc8c558f7593132cf8fefec57c4f60c83b16941c574ac5f619abb3ae7933/dill-0.4.1-py3-none-any.whl", hash = "sha256:1e1ce33e978ae97fcfcff5638477032b801c46c7c65cf717f95fbc2248f79a9d", size = 120019, upload-time = "2026-01-19T02:36:55.663Z" },
]

[[package]]
name = "duckdb"
version = "1.4.4"
source = { registry = "https://pypi.org/simple" }
sdist = { url = "https://files.pythonhosted.org/packages/36/9d/ab66a06e416d71b7bdcb9904cdf8d4db3379ef632bb8e9495646702d9718/duckdb-1.4.4.tar.gz", hash = "sha256:8bba52fd2acb67668a4615ee17ee51814124223de836d9e2fdcbc4c9021b3d3c", size = 18419763, upload-time = "2026-01-26T11:50:37.68Z" }
wheels = [
    { url = "https://files.pythonhosted.org/packages/7f/fe/64810fee20030f2bf96ce28b527060564864ce5b934b50888eda2cbf99dd/duckdb-1.4.4-cp313-cp313-macosx_10_13_universal2.whl", hash = "sha256:337f8b24e89bc2e12dadcfe87b4eb1c00fd920f68ab07bc9b70960d6523b8bc3", size = 28899349, upload-time = "2026-01-26T11:49:40.294Z" },
    { url = "https://files.pythonhosted.org/packages/9c/9b/3c7c5e48456b69365d952ac201666053de2700f5b0144a699a4dc6854507/duckdb-1.4.4-cp313-cp313-macosx_10_13_x86_64.whl", hash = "sha256:0509b39ea7af8cff0198a99d206dca753c62844adab54e545984c2e2c1381616", size = 15350691, upload-time = "2026-01-26T11:49:43.242Z" },
    { url = "https://files.pythonhosted.org/packages/a6/7b/64e68a7b857ed0340045501535a0da99ea5d9d5ea3708fec0afb8663eb27/duckdb-1.4.4-cp313-cp313-macosx_11_0_arm64.whl", hash = "sha256:fb94de6d023de9d79b7edc1ae07ee1d0b4f5fa8a9dcec799650b5befdf7aafec", size = 13672311, upload-time = "2026-01-26T11:49:46.069Z" },
    { url = "https://files.pythonhosted.org/packages/09/5b/3e7aa490841784d223de61beb2ae64e82331501bf5a415dc87a0e27b4663/duckdb-1.4.4-cp313-cp313-manylinux_2_26_aarch64.manylinux_2_28_aarch64.whl", hash = "sha256:0d636ceda422e7babd5e2f7275f6a0d1a3405e6a01873f00d38b72118d30c10b", size = 18422740, upload-time = "2026-01-26T11:49:49.034Z" },
    { url = "https://files.pythonhosted.org/packages/53/32/256df3dbaa198c58539ad94f9a41e98c2c8ff23f126b8f5f52c7dcd0a738/duckdb-1.4.4-cp313-cp313-manylinux_2_26_x86_64.manylinux_2_28_x86_64.whl", hash = "sha256:7df7351328ffb812a4a289732f500d621e7de9942a3a2c9b6d4afcf4c0e72526", size = 20435578, upload-time = "2026-01-26T11:49:51.946Z" },
    { url = "https://files.pythonhosted.org/packages/a4/f0/620323fd87062ea43e527a2d5ed9e55b525e0847c17d3b307094ddab98a2/duckdb-1.4.4-cp313-cp313-win_amd64.whl", hash = "sha256:6fb1225a9ea5877421481d59a6c556a9532c32c16c7ae6ca8d127e2b878c9389", size = 12268083, upload-time = "2026-01-26T11:49:54.615Z" },
    { url = "https://files.pythonhosted.org/packages/e5/07/a397fdb7c95388ba9c055b9a3d38dfee92093f4427bc6946cf9543b1d216/duckdb-1.4.4-cp313-cp313-win_arm64.whl", hash = "sha256:f28a18cc790217e5b347bb91b2cab27aafc557c58d3d8382e04b4fe55d0c3f66", size = 13006123, upload-time = "2026-01-26T11:49:57.092Z" },
    { url = "https://files.pythonhosted.org/packages/97/a6/f19e2864e651b0bd8e4db2b0c455e7e0d71e0d4cd2cd9cc052f518e43eb3/duckdb-1.4.4-cp314-cp314-macosx_10_15_universal2.whl", hash = "sha256:25874f8b1355e96178079e37312c3ba6d61a2354f51319dae860cf21335c3a20", size = 28909554, upload-time = "2026-01-26T11:50:00.107Z" },
    { url = "https://files.pythonhosted.org/packages/0e/93/8a24e932c67414fd2c45bed83218e62b73348996bf859eda020c224774b2/duckdb-1.4.4-cp314-cp314-macosx_10_15_x86_64.whl", hash = "sha256:452c5b5d6c349dc5d1154eb2062ee547296fcbd0c20e9df1ed00b5e1809089da", size = 15353804, upload-time = "2026-01-26T11:50:03.382Z" },
    { url = "https://files.pythonhosted.org/packages/62/13/e5378ff5bb1d4397655d840b34b642b1b23cdd82ae19599e62dc4b9461c9/duckdb-1.4.4-cp314-cp314-macosx_11_0_arm64.whl", hash = "sha256:8e5c2d8a0452df55e092959c0bfc8ab8897ac3ea0f754cb3b0ab3e165cd79aff", size = 13676157, upload-time = "2026-01-26T11:50:06.232Z" },
    { url = "https://files.pythonhosted.org/packages/2d/94/24364da564b27aeebe44481f15bd0197a0b535ec93f188a6b1b98c22f082/duckdb-1.4.4-cp314-cp314-manylinux_2_26_aarch64.manylinux_2_28_aarch64.whl", hash = "sha256:1af6e76fe8bd24875dc56dd8e38300d64dc708cd2e772f67b9fbc635cc3066a3", size = 18426882, upload-time = "2026-01-26T11:50:08.97Z" },
    { url = "https://files.pythonhosted.org/packages/26/0a/6ae31b2914b4dc34243279b2301554bcbc5f1a09ccc82600486c49ab71d1/duckdb-1.4.4-cp314-cp314-manylinux_2_26_x86_64.manylinux_2_28_x86_64.whl", hash = "sha256:d0440f59e0cd9936a9ebfcf7a13312eda480c79214ffed3878d75947fc3b7d6d", size = 20435641, upload-time = "2026-01-26T11:50:12.188Z" },
    { url = "https://files.pythonhosted.org/packages/d2/b1/fd5c37c53d45efe979f67e9bd49aaceef640147bb18f0699a19edd1874d6/duckdb-1.4.4-cp314-cp314-win_amd64.whl", hash = "sha256:59c8d76016dde854beab844935b1ec31de358d4053e792988108e995b18c08e7", size = 12762360, upload-time = "2026-01-26T11:50:14.76Z" },
    { url = "https://files.pythonhosted.org/packages/dd/2d/13e6024e613679d8a489dd922f199ef4b1d08a456a58eadd96dc2f05171f/duckdb-1.4.4-cp314-cp314-win_arm64.whl", hash = "sha256:53cd6423136ab44383ec9955aefe7599b3fb3dd1fe006161e6396d8167e0e0d4", size = 13458633, upload-time = "2026-01-26T11:50:17.657Z" },
]

[[package]]
name = "isort"
version = "7.0.0"
source = { registry = "https://pypi.org/simple" }
sdist = { url = "https://files.pythonhosted.org/packages/63/53/4f3c058e3bace40282876f9b553343376ee687f3c35a525dc79dbd450f88/isort-7.0.0.tar.gz", hash = "sha256:5513527951aadb3ac4292a41a16cbc50dd1642432f5e8c20057d414bdafb4187", size = 805049, upload-time = "2025-10-11T13:30:59.107Z" }
wheels = [
    { url = "https://files.pythonhosted.org/packages/7f/ed/e3705d6d02b4f7aea715a353c8ce193efd0b5db13e204df895d38734c244/isort-7.0.0-py3-none-any.whl", hash = "sha256:1bcabac8bc3c36c7fb7b98a76c8abb18e0f841a3ba81decac7691008592499c1", size = 94672, upload-time = "2025-10-11T13:30:57.665Z" },
]

[[package]]
name = "mccabe"
version = "0.7.0"
source = { registry = "https://pypi.org/simple" }
sdist = { url = "https://files.pythonhosted.org/packages/e7/ff/0ffefdcac38932a54d2b5eed4e0ba8a408f215002cd178ad1df0f2806ff8/mccabe-0.7.0.tar.gz", hash = "sha256:348e0240c33b60bbdf4e523192ef919f28cb2c3d7d5c7794f74009290f236325", size = 9658, upload-time = "2022-01-24T01:14:51.113Z" }
wheels = [
    { url = "https://files.pythonhosted.org/packages/27/1a/1f68f9ba0c207934b35b86a8ca3aad8395a3d6dd7921c0686e23853ff5a9/mccabe-0.7.0-py2.py3-none-any.whl", hash = "sha256:6c2d30ab6be0e4a46919781807b4f0d834ebdd6c6e3dca0bda5a15f863427b6e", size = 7350, upload-time = "2022-01-24T01:14:49.62Z" },
]

[[package]]
name = "platformdirs"
version = "4.9.2"
source = { registry = "https://pypi.org/simple" }
sdist = { url = "https://files.pythonhosted.org/packages/1b/04/fea538adf7dbbd6d186f551d595961e564a3b6715bdf276b477460858672/platformdirs-4.9.2.tar.gz", hash = "sha256:9a33809944b9db043ad67ca0db94b14bf452cc6aeaac46a88ea55b26e2e9d291", size = 28394, upload-time = "2026-02-16T03:56:10.574Z" }
wheels = [
    { url = "https://files.pythonhosted.org/packages/48/31/05e764397056194206169869b50cf2fee4dbbbc71b344705b9c0d878d4d8/platformdirs-4.9.2-py3-none-any.whl", hash = "sha256:9170634f126f8efdae22fb58ae8a0eaa86f38365bc57897a6c4f781d1f5875bd", size = 21168, upload-time = "2026-02-16T03:56:08.891Z" },
]

[[package]]
name = "py-duck"
version = "0.1.0"
source = { virtual = "." }
dependencies = [
    { name = "duckdb" },
    { name = "pylint" },
    { name = "ruff" },
]

[package.metadata]
requires-dist = [
    { name = "duckdb", specifier = ">=1.3.2" },
    { name = "pylint", specifier = ">=3.3.7" },
    { name = "ruff", specifier = ">=0.12.3" },
]

[[package]]
name = "pylint"
version = "4.0.4"
source = { registry = "https://pypi.org/simple" }
dependencies = [
    { name = "astroid" },
    { name = "colorama", marker = "sys_platform == 'win32'" },
    { name = "dill" },
    { name = "isort" },
    { name = "mccabe" },
    { name = "platformdirs" },
    { name = "tomlkit" },
]
sdist = { url = "https://files.pythonhosted.org/packages/5a/d2/b081da1a8930d00e3fc06352a1d449aaf815d4982319fab5d8cdb2e9ab35/pylint-4.0.4.tar.gz", hash = "sha256:d9b71674e19b1c36d79265b5887bf8e55278cbe236c9e95d22dc82cf044fdbd2", size = 1571735, upload-time = "2025-11-30T13:29:04.315Z" }
wheels = [
    { url = "https://files.pythonhosted.org/packages/a6/92/d40f5d937517cc489ad848fc4414ecccc7592e4686b9071e09e64f5e378e/pylint-4.0.4-py3-none-any.whl", hash = "sha256:63e06a37d5922555ee2c20963eb42559918c20bd2b21244e4ef426e7c43b92e0", size = 536425, upload-time = "2025-11-30T13:29:02.53Z" },
]

[[package]]
name = "ruff"
version = "0.15.1"
source = { registry = "https://pypi.org/simple" }
sdist = { url = "https://files.pythonhosted.org/packages/04/dc/4e6ac71b511b141cf626357a3946679abeba4cf67bc7cc5a17920f31e10d/ruff-0.15.1.tar.gz", hash = "sha256:c590fe13fb57c97141ae975c03a1aedb3d3156030cabd740d6ff0b0d601e203f", size = 4540855, upload-time = "2026-02-12T23:09:09.998Z" }
wheels = [
    { url = "https://files.pythonhosted.org/packages/23/bf/e6e4324238c17f9d9120a9d60aa99a7daaa21204c07fcd84e2ef03bb5fd1/ruff-0.15.1-py3-none-linux_armv6l.whl", hash = "sha256:b101ed7cf4615bda6ffe65bdb59f964e9f4a0d3f85cbf0e54f0ab76d7b90228a", size = 10367819, upload-time = "2026-02-12T23:09:03.598Z" },
    { url = "https://files.pythonhosted.org/packages/b3/ea/c8f89d32e7912269d38c58f3649e453ac32c528f93bb7f4219258be2e7ed/ruff-0.15.1-py3-none-macosx_10_12_x86_64.whl", hash = "sha256:939c995e9277e63ea632cc8d3fae17aa758526f49a9a850d2e7e758bfef46602", size = 10798618, upload-time = "2026-02-12T23:09:22.928Z" },
    { url = "https://files.pythonhosted.org/packages/5e/0f/1d0d88bc862624247d82c20c10d4c0f6bb2f346559d8af281674cf327f15/ruff-0.15.1-py3-none-macosx_11_0_arm64.whl", hash = "sha256:1d83466455fdefe60b8d9c8df81d3c1bbb2115cede53549d3b522ce2bc703899", size = 10148518, upload-time = "2026-02-12T23:08:58.339Z" },
    { url = "https://files.pythonhosted.org/packages/f5/c8/291c49cefaa4a9248e986256df2ade7add79388fe179e0691be06fae6f37/ruff-0.15.1-py3-none-manylinux_2_17_aarch64.manylinux2014_aarch64.whl", hash = "sha256:a9457e3c3291024866222b96108ab2d8265b477e5b1534c7ddb1810904858d16", size = 10518811, upload-time = "2026-02-12T23:09:31.865Z" },
    { url = "https://files.pythonhosted.org/packages/c3/1a/f5707440e5ae43ffa5365cac8bbb91e9665f4a883f560893829cf16a606b/ruff-0.15.1-py3-none-manylinux_2_17_armv7l.manylinux2014_armv7l.whl", hash = "sha256:92c92b003e9d4f7fbd33b1867bb15a1b785b1735069108dfc23821ba045b29bc", size = 10196169, upload-time = "2026-02-12T23:09:17.306Z" },
    { url = "https://files.pythonhosted.org/packages/2a/ff/26ddc8c4da04c8fd3ee65a89c9fb99eaa5c30394269d424461467be2271f/ruff-0.15.1-py3-none-manylinux_2_17_i686.manylinux2014_i686.whl", hash = "sha256:1fe5c41ab43e3a06778844c586251eb5a510f67125427625f9eb2b9526535779", size = 10990491, upload-time = "2026-02-12T23:09:25.503Z" },
    { url = "https://files.pythonhosted.org/packages/fc/00/50920cb385b89413f7cdb4bb9bc8fc59c1b0f30028d8bccc294189a54955/ruff-0.15.1-py3-none-manylinux_2_17_ppc64le.manylinux2014_ppc64le.whl", hash = "sha256:66a6dd6df4d80dc382c6484f8ce1bcceb55c32e9f27a8b94c32f6c7331bf14fb", size = 11843280, upload-time = "2026-02-12T23:09:19.88Z" },
    { url = "https://files.pythonhosted.org/packages/5d/6d/2f5cad8380caf5632a15460c323ae326f1e1a2b5b90a6ee7519017a017ca/ruff-0.15.1-py3-none-manylinux_2_17_s390x.manylinux2014_s390x.whl", hash = "sha256:6a4a42cbb8af0bda9bcd7606b064d7c0bc311a88d141d02f78920be6acb5aa83", size = 11274336, upload-time = "2026-02-12T23:09:14.907Z" },
    { url = "https://files.pythonhosted.org/packages/a3/1d/5f56cae1d6c40b8a318513599b35ea4b075d7dc1cd1d04449578c29d1d75/ruff-0.15.1-py3-none-manylinux_2_17_x86_64.manylinux2014_x86_64.whl", hash = "sha256:4ab064052c31dddada35079901592dfba2e05f5b1e43af3954aafcbc1096a5b2", size = 11137288, upload-time = "2026-02-12T23:09:07.475Z" },
    { url = "https://files.pythonhosted.org/packages/cd/20/6f8d7d8f768c93b0382b33b9306b3b999918816da46537d5a61635514635/ruff-0.15.1-py3-none-manylinux_2_31_riscv64.whl", hash = "sha256:5631c940fe9fe91f817a4c2ea4e81f47bee3ca4aa646134a24374f3c19ad9454", size = 11070681, upload-time = "2026-02-12T23:08:55.43Z" },
    { url = "https://files.pythonhosted.org/packages/9a/67/d640ac76069f64cdea59dba02af2e00b1fa30e2103c7f8d049c0cff4cafd/ruff-0.15.1-py3-none-musllinux_1_2_aarch64.whl", hash = "sha256:68138a4ba184b4691ccdc39f7795c66b3c68160c586519e7e8444cf5a53e1b4c", size = 10486401, upload-time = "2026-02-12T23:09:27.927Z" },
    { url = "https://files.pythonhosted.org/packages/65/3d/e1429f64a3ff89297497916b88c32a5cc88eeca7e9c787072d0e7f1d3e1e/ruff-0.15.1-py3-none-musllinux_1_2_armv7l.whl", hash = "sha256:518f9af03bfc33c03bdb4cb63fabc935341bb7f54af500f92ac309ecfbba6330", size = 10197452, upload-time = "2026-02-12T23:09:12.147Z" },
    { url = "https://files.pythonhosted.org/packages/78/83/e2c3bade17dad63bf1e1c2ffaf11490603b760be149e1419b07049b36ef2/ruff-0.15.1-py3-none-musllinux_1_2_i686.whl", hash = "sha256:da79f4d6a826caaea95de0237a67e33b81e6ec2e25fc7e1993a4015dffca7c61", size = 10693900, upload-time = "2026-02-12T23:09:34.418Z" },
    { url = "https://files.pythonhosted.org/packages/a1/27/fdc0e11a813e6338e0706e8b39bb7a1d61ea5b36873b351acee7e524a72a/ruff-0.15.1-py3-none-musllinux_1_2_x86_64.whl", hash = "sha256:3dd86dccb83cd7d4dcfac303ffc277e6048600dfc22e38158afa208e8bf94a1f", size = 11227302, upload-time = "2026-02-12T23:09:36.536Z" },
    { url = "https://files.pythonhosted.org/packages/f6/58/ac864a75067dcbd3b95be5ab4eb2b601d7fbc3d3d736a27e391a4f92a5c1/ruff-0.15.1-py3-none-win32.whl", hash = "sha256:660975d9cb49b5d5278b12b03bb9951d554543a90b74ed5d366b20e2c57c2098", size = 10462555, upload-time = "2026-02-12T23:09:29.899Z" },
    { url = "https://files.pythonhosted.org/packages/e0/5e/d4ccc8a27ecdb78116feac4935dfc39d1304536f4296168f91ed3ec00cd2/ruff-0.15.1-py3-none-win_amd64.whl", hash = "sha256:c820fef9dd5d4172a6570e5721704a96c6679b80cf7be41659ed439653f62336", size = 11599956, upload-time = "2026-02-12T23:09:01.157Z" },
    { url = "https://files.pythonhosted.org/packages/2a/07/5bda6a85b220c64c65686bc85bd0bbb23b29c62b3a9f9433fa55f17cda93/ruff-0.15.1-py3-none-win_arm64.whl", hash = "sha256:5ff7d5f0f88567850f45081fac8f4ec212be8d0b963e385c3f7d0d2eb4899416", size = 10874604, upload-time = "2026-02-12T23:09:05.515Z" },
]

[[package]]
name = "tomlkit"
version = "0.14.0"
source = { registry = "https://pypi.org/simple" }
sdist = { url = "https://files.pythonhosted.org/packages/c3/af/14b24e41977adb296d6bd1fb59402cf7d60ce364f90c890bd2ec65c43b5a/tomlkit-0.14.0.tar.gz", hash = "sha256:cf00efca415dbd57575befb1f6634c4f42d2d87dbba376128adb42c121b87064", size = 187167, upload-time = "2026-01-13T01:14:53.304Z" }
wheels = [
    { url = "https://files.pythonhosted.org/packages/b5/11/87d6d29fb5d237229d67973a6c9e06e048f01cf4994dee194ab0ea841814/tomlkit-0.14.0-py3-none-any.whl", hash = "sha256:592064ed85b40fa213469f81ac584f67a4f2992509a7c3ea2d632208623a3680", size = 39310, upload-time = "2026-01-13T01:14:51.965Z" },
]
